
Microsoft Visual Studio Solution File, Format Version 12.00
# Visual Studio Version 16
VisualStudioVersion = 16.0.30611.23
MinimumVisualStudioVersion = 10.0.40219.1
Project("{FAE04EC0-301F-11D3-BF4B-00C04F79EFBC}") = "ImportImageToSql", "ImportImageToSql\ImportImageToSql.csproj", "{B864C629-90A0-4397-84F9-795E775F5C2A}"
EndProject
Global
	GlobalSection(SolutionConfigurationPlatforms) = preSolution
		Debug|Any CPU = Debug|Any CPU
		Release|Any CPU = Release|Any CPU
	EndGlobalSection
	GlobalSection(ProjectConfigurationPlatforms) = postSolution
		{B864C629-90A0-4397-84F9-795E775F5C2A}.Debug|Any CPU.ActiveCfg = Debug|Any CPU
		{B864C629-90A0-4397-84F9-795E775F5C2A}.Debug|Any CPU.Build.0 = Debug|Any CPU
		{B864C629-90A0-4397-84F9-795E775F5C2A}.Release|Any CPU.ActiveCfg = Release|Any CPU
		{B864C629-90A0-4397-84F9-795E775F5C2A}.Release|Any CPU.Build.0 = Release|Any CPU
	EndGlobalSection
	GlobalSection(SolutionProperties) = preSolution
		HideSolutionNode = FALSE
	EndGlobalSection
	GlobalSection(ExtensibilityGlobals) = postSolution
		SolutionGuid = {F6F0D77B-757C-4AE2-A129-BAABD6F69C74}
	EndGlobalSection
EndGlobal
